
Microsoft Visual Studio Solution File, Format Version 12.00
# Visual Studio 14
VisualStudioVersion = 14.0.25420.1
MinimumVisualStudioVersion = 10.0.40219.1
Project("{FAE04EC0-301F-11D3-BF4B-00C04F79EFBC}") = "Blizzbar", "Blizzbar\Blizzbar.csproj", "{2CA18CF7-A604-473C-9A89-36266E53AAB4}"
EndProject
Project("{8BC9CEB8-8B4A-11D0-8D11-00A0C91BC942}") = "BlizzbarHelper", "BlizzbarHelper\BlizzbarHelper.vcxproj", "{524A6227-63B3-428E-9F9B-41D4AF576E87}"
EndProject
Project("{8BC9CEB8-8B4A-11D0-8D11-00A0C91BC942}") = "BlizzbarHooks", "BlizzbarHooks\BlizzbarHooks.vcxproj", "{591FC0B9-4FD2-4096-8793-A3F342D214C8}"
EndProject
Global
	GlobalSection(SolutionConfigurationPlatforms) = preSolution
		Debug|x64 = Debug|x64
		Debug|x86 = Debug|x86
		Release|x64 = Release|x64
		Release|x86 = Release|x86
	EndGlobalSection
	GlobalSection(ProjectConfigurationPlatforms) = postSolution
		{2CA18CF7-A604-473C-9A89-36266E53AAB4}.Debug|x64.ActiveCfg = Debug|Any CPU
		{2CA18CF7-A604-473C-9A89-36266E53AAB4}.Debug|x64.Build.0 = Debug|Any CPU
		{2CA18CF7-A604-473C-9A89-36266E53AAB4}.Debug|x86.ActiveCfg = Debug|Any CPU
		{2CA18CF7-A604-473C-9A89-36266E53AAB4}.Debug|x86.Build.0 = Debug|Any CPU
		{2CA18CF7-A604-473C-9A89-36266E53AAB4}.Release|x64.ActiveCfg = Release|Any CPU
		{2CA18CF7-A604-473C-9A89-36266E53AAB4}.Release|x64.Build.0 = Release|Any CPU
		{2CA18CF7-A604-473C-9A89-36266E53AAB4}.Release|x86.ActiveCfg = Release|Any CPU
		{2CA18CF7-A604-473C-9A89-36266E53AAB4}.Release|x86.Build.0 = Release|Any CPU
		{524A6227-63B3-428E-9F9B-41D4AF576E87}.Debug|x64.ActiveCfg = Debug|x64
		{524A6227-63B3-428E-9F9B-41D4AF576E87}.Debug|x64.Build.0 = Debug|x64
		{524A6227-63B3-428E-9F9B-41D4AF576E87}.Debug|x86.ActiveCfg = Debug|Win32
		{524A6227-63B3-428E-9F9B-41D4AF576E87}.Debug|x86.Build.0 = Debug|Win32
		{524A6227-63B3-428E-9F9B-41D4AF576E87}.Release|x64.ActiveCfg = Release|x64
		{524A6227-63B3-428E-9F9B-41D4AF576E87}.Release|x64.Build.0 = Release|x64
		{524A6227-63B3-428E-9F9B-41D4AF576E87}.Release|x86.ActiveCfg = Release|Win32
		{524A6227-63B3-428E-9F9B-41D4AF576E87}.Release|x86.Build.0 = Release|Win32
		{591FC0B9-4FD2-4096-8793-A3F342D214C8}.Debug|x64.ActiveCfg = Debug|x64
		{591FC0B9-4FD2-4096-8793-A3F342D214C8}.Debug|x64.Build.0 = Debug|x64
		{591FC0B9-4FD2-4096-8793-A3F342D214C8}.Debug|x86.ActiveCfg = Debug|Win32
		{591FC0B9-4FD2-4096-8793-A3F342D214C8}.Debug|x86.Build.0 = Debug|Win32
		{591FC0B9-4FD2-4096-8793-A3F342D214C8}.Release|x64.ActiveCfg = Release|x64
		{591FC0B9-4FD2-4096-8793-A3F342D214C8}.Release|x64.Build.0 = Release|x64
		{591FC0B9-4FD2-4096-8793-A3F342D214C8}.Release|x86.ActiveCfg = Release|Win32
		{591FC0B9-4FD2-4096-8793-A3F342D214C8}.Release|x86.Build.0 = Release|Win32
	EndGlobalSection
	GlobalSection(SolutionProperties) = preSolution
		HideSolutionNode = FALSE
	EndGlobalSection
EndGlobal
